// !$*UTF8*$!
{
	archiveVersion = 1;
	classes = {
	};
	objectVersion = 77;
	objects = {

/* Begin PBXContainerItemProxy section */
		3D94BC8C2CF5A5630041C998 /* PBXContainerItemProxy */ = {
			isa = PBXContainerItemProxy;
			containerPortal = 3D94BC732CF5A5620041C998 /* Project object */;
			proxyType = 1;
			remoteGlobalIDString = 3D94BC7A2CF5A5620041C998;
			remoteInfo = "Zero Money Waste";
		};
		3D94BC962CF5A5630041C998 /* PBXContainerItemProxy */ = {
			isa = PBXContainerItemProxy;
			containerPortal = 3D94BC732CF5A5620041C998 /* Project object */;
			proxyType = 1;
			remoteGlobalIDString = 3D94BC7A2CF5A5620041C998;
			remoteInfo = "Zero Money Waste";
		};
/* End PBXContainerItemProxy section */

/* Begin PBXFileReference section */
		3D94BC7B2CF5A5620041C998 /* Zero Money Waste.app */ = {isa = PBXFileReference; explicitFileType = wrapper.application; includeInIndex = 0; path = "Zero Money Waste.app"; sourceTree = BUILT_PRODUCTS_DIR; };
		3D94BC8B2CF5A5630041C998 /* Zero Money WasteTests.xctest */ = {isa = PBXFileReference; explicitFileType = wrapper.cfbundle; includeInIndex = 0; path = "Zero Money WasteTests.xctest"; sourceTree = BUILT_PRODUCTS_DIR; };
		3D94BC952CF5A5630041C998 /* Zero Money WasteUITests.xctest */ = {isa = PBXFileReference; explicitFileType = wrapper.cfbundle; includeInIndex = 0; path = "Zero Money WasteUITests.xctest"; sourceTree = BUILT_PRODUCTS_DIR; };
/* End PBXFileReference section */

/* Begin PBXFileSystemSynchronizedRootGroup section */
		3D94BC7D2CF5A5620041C998 /* Zero Money Waste */ = {
			isa = PBXFileSystemSynchronizedRootGroup;
			path = "Zero Money Waste";
			sourceTree = "<group>";
		};
		3D94BC8E2CF5A5630041C998 /* Zero Money WasteTests */ = {
			isa = PBXFileSystemSynchronizedRootGroup;
			path = "Zero Money WasteTests";
			sourceTree = "<group>";
		};
		3D94BC982CF5A5630041C998 /* Zero Money WasteUITests */ = {
			isa = PBXFileSystemSynchronizedRootGroup;
			path = "Zero Money WasteUITests";
			sourceTree = "<group>";
		};
/* End PBXFileSystemSynchronizedRootGroup section */

/* Begin PBXFrameworksBuildPhase section */
		3D94BC782CF5A5620041C998 /* Frameworks */ = {
			isa = PBXFrameworksBuildPhase;
			buildActionMask = 2147483647;
			files = (
			);
			runOnlyForDeploymentPostprocessing = 0;
		};
		3D94BC882CF5A5630041C998 /* Frameworks */ = {
			isa = PBXFrameworksBuildPhase;
			buildActionMask = 2147483647;
			files = (
			);
			runOnlyForDeploymentPostprocessing = 0;
		};
		3D94BC922CF5A5630041C998 /* Frameworks */ = {
			isa = PBXFrameworksBuildPhase;
			buildActionMask = 2147483647;
			files = (
			);
			runOnlyForDeploymentPostprocessing = 0;
		};
/* End PBXFrameworksBuildPhase section */

/* Begin PBXGroup section */
		3D94BC722CF5A5620041C998 = {
			isa = PBXGroup;
			children = (
				3D94BC7D2CF5A5620041C998 /* Zero Money Waste */,
				3D94BC8E2CF5A5630041C998 /* Zero Money WasteTests */,
				3D94BC982CF5A5630041C998 /* Zero Money WasteUITests */,
				3D94BC7C2CF5A5620041C998 /* Products */,
			);
			sourceTree = "<group>";
		};
		3D94BC7C2CF5A5620041C998 /* Products */ = {
			isa = PBXGroup;
			children = (
				3D94BC7B2CF5A5620041C998 /* Zero Money Waste.app */,
				3D94BC8B2CF5A5630041C998 /* Zero Money WasteTests.xctest */,
				3D94BC952CF5A5630041C998 /* Zero Money WasteUITests.xctest */,
			);
			name = Products;
			sourceTree = "<group>";
		};
/* End PBXGroup section */

/* Begin PBXNativeTarget section */
		3D94BC7A2CF5A5620041C998 /* Zero Money Waste */ = {
			isa = PBXNativeTarget;
			buildConfigurationList = 3D94BC9F2CF5A5630041C998 /* Build configuration list for PBXNativeTarget "Zero Money Waste" */;
			buildPhases = (
				3D94BC772CF5A5620041C998 /* Sources */,
				3D94BC782CF5A5620041C998 /* Frameworks */,
				3D94BC792CF5A5620041C998 /* Resources */,
			);
			buildRules = (
			);
			dependencies = (
			);
			fileSystemSynchronizedGroups = (
				3D94BC7D2CF5A5620041C998 /* Zero Money Waste */,
			);
			name = "Zero Money Waste";
			packageProductDependencies = (
			);
			productName = "Zero Money Waste";
			productReference = 3D94BC7B2CF5A5620041C998 /* Zero Money Waste.app */;
			productType = "com.apple.product-type.application";
		};
		3D94BC8A2CF5A5630041C998 /* Zero Money WasteTests */ = {
			isa = PBXNativeTarget;
			buildConfigurationList = 3D94BCA22CF5A5630041C998 /* Build configuration list for PBXNativeTarget "Zero Money WasteTests" */;
			buildPhases = (
				3D94BC872CF5A5630041C998 /* Sources */,
				3D94BC882CF5A5630041C998 /* Frameworks */,
				3D94BC892CF5A5630041C998 /* Resources */,
			);
			buildRules = (
			);
			dependencies = (
				3D94BC8D2CF5A5630041C998 /* PBXTargetDependency */,
			);
			fileSystemSynchronizedGroups = (
				3D94BC8E2CF5A5630041C998 /* Zero Money WasteTests */,
			);
			name = "Zero Money WasteTests";
			packageProductDependencies = (
			);
			productName = "Zero Money WasteTests";
			productReference = 3D94BC8B2CF5A5630041C998 /* Zero Money WasteTests.xctest */;
			productType = "com.apple.product-type.bundle.unit-test";
		};
		3D94BC942CF5A5630041C998 /* Zero Money WasteUITests */ = {
			isa = PBXNativeTarget;
			buildConfigurationList = 3D94BCA52CF5A5630041C998 /* Build configuration list for PBXNativeTarget "Zero Money WasteUITests" */;
			buildPhases = (
				3D94BC912CF5A5630041C998 /* Sources */,
				3D94BC922CF5A5630041C998 /* Frameworks */,
				3D94BC932CF5A5630041C998 /* Resources */,
			);
			buildRules = (
			);
			dependencies = (
				3D94BC972CF5A5630041C998 /* PBXTargetDependency */,
			);
			fileSystemSynchronizedGroups = (
				3D94BC982CF5A5630041C998 /* Zero Money WasteUITests */,
			);
			name = "Zero Money WasteUITests";
			packageProductDependencies = (
			);
			productName = "Zero Money WasteUITests";
			productReference = 3D94BC952CF5A5630041C998 /* Zero Money WasteUITests.xctest */;
			productType = "com.apple.product-type.bundle.ui-testing";
		};
/* End PBXNativeTarget section */

/* Begin PBXProject section */
		3D94BC732CF5A5620041C998 /* Project object */ = {
			isa = PBXProject;
			attributes = {
				BuildIndependentTargetsInParallel = 1;
				LastSwiftUpdateCheck = 1610;
				LastUpgradeCheck = 1610;
				TargetAttributes = {
					3D94BC7A2CF5A5620041C998 = {
						CreatedOnToolsVersion = 16.1;
					};
					3D94BC8A2CF5A5630041C998 = {
						CreatedOnToolsVersion = 16.1;
						TestTargetID = 3D94BC7A2CF5A5620041C998;
					};
					3D94BC942CF5A5630041C998 = {
						CreatedOnToolsVersion = 16.1;
						TestTargetID = 3D94BC7A2CF5A5620041C998;
					};
				};
			};
			buildConfigurationList = 3D94BC762CF5A5620041C998 /* Build configuration list for PBXProject "Zero Money Waste" */;
			developmentRegion = en;
			hasScannedForEncodings = 0;
			knownRegions = (
				en,
				Base,
			);
			mainGroup = 3D94BC722CF5A5620041C998;
			minimizedProjectReferenceProxies = 1;
			preferredProjectObjectVersion = 77;
			productRefGroup = 3D94BC7C2CF5A5620041C998 /* Products */;
			projectDirPath = "";
			projectRoot = "";
			targets = (
				3D94BC7A2CF5A5620041C998 /* Zero Money Waste */,
				3D94BC8A2CF5A5630041C998 /* Zero Money WasteTests */,
				3D94BC942CF5A5630041C998 /* Zero Money WasteUITests */,
			);
		};
/* End PBXProject section */

/* Begin PBXResourcesBuildPhase section */
		3D94BC792CF5A5620041C998 /* Resources */ = {
			isa = PBXResourcesBuildPhase;
			buildActionMask = 2147483647;
			files = (
			);
			runOnlyForDeploymentPostprocessing = 0;
		};
		3D94BC892CF5A5630041C998 /* Resources */ = {
			isa = PBXResourcesBuildPhase;
			buildActionMask = 2147483647;
			files = (
			);
			runOnlyForDeploymentPostprocessing = 0;
		};
		3D94BC932CF5A5630041C998 /* Resources */ = {
			isa = PBXResourcesBuildPhase;
			buildActionMask = 2147483647;
			files = (
			);
			runOnlyForDeploymentPostprocessing = 0;
		};
/* End PBXResourcesBuildPhase section */

/* Begin PBXSourcesBuildPhase section */
		3D94BC772CF5A5620041C998 /* Sources */ = {
			isa = PBXSourcesBuildPhase;
			buildActionMask = 2147483647;
			files = (
			);
			runOnlyForDeploymentPostprocessing = 0;
		};
		3D94BC872CF5A5630041C998 /* Sources */ = {
			isa = PBXSourcesBuildPhase;
			buildActionMask = 2147483647;
			files = (
			);
			runOnlyForDeploymentPostprocessing = 0;
		};
		3D94BC912CF5A5630041C998 /* Sources */ = {
			isa = PBXSourcesBuildPhase;
			buildActionMask = 2147483647;
			files = (
			);
			runOnlyForDeploymentPostprocessing = 0;
		};
/* End PBXSourcesBuildPhase section */

/* Begin PBXTargetDependency section */
		3D94BC8D2CF5A5630041C998 /* PBXTargetDependency */ = {
			isa = PBXTargetDependency;
			target = 3D94BC7A2CF5A5620041C998 /* Zero Money Waste */;
			targetProxy = 3D94BC8C2CF5A5630041C998 /* PBXContainerItemProxy */;
		};
		3D94BC972CF5A5630041C998 /* PBXTargetDependency */ = {
			isa = PBXTargetDependency;
			target = 3D94BC7A2CF5A5620041C998 /* Zero Money Waste */;
			targetProxy = 3D94BC962CF5A5630041C998 /* PBXContainerItemProxy */;
		};
/* End PBXTargetDependency section */

/* Begin XCBuildConfiguration section */
		3D94BC9D2CF5A5630041C998 /* Debug */ = {
			isa = XCBuildConfiguration;
			buildSettings = {
				ALWAYS_SEARCH_USER_PATHS = NO;
				ASSETCATALOG_COMPILER_GENERATE_SWIFT_ASSET_SYMBOL_EXTENSIONS = YES;
				CLANG_ANALYZER_NONNULL = YES;
				CLANG_ANALYZER_NUMBER_OBJECT_CONVERSION = YES_AGGRESSIVE;
				CLANG_CXX_LANGUAGE_STANDARD = "gnu++20";
				CLANG_ENABLE_MODULES = YES;
				CLANG_ENABLE_OBJC_ARC = YES;
				CLANG_ENABLE_OBJC_WEAK = YES;
				CLANG_WARN_BLOCK_CAPTURE_AUTORELEASING = YES;
				CLANG_WARN_BOOL_CONVERSION = YES;
				CLANG_WARN_COMMA = YES;
				CLANG_WARN_CONSTANT_CONVERSION = YES;
				CLANG_WARN_DEPRECATED_OBJC_IMPLEMENTATIONS = YES;
				CLANG_WARN_DIRECT_OBJC_ISA_USAGE = YES_ERROR;
				CLANG_WARN_DOCUMENTATION_COMMENTS = YES;
				CLANG_WARN_EMPTY_BODY = YES;
				CLANG_WARN_ENUM_CONVERSION = YES;
				CLANG_WARN_INFINITE_RECURSION = YES;
				CLANG_WARN_INT_CONVERSION = YES;
				CLANG_WARN_NON_LITERAL_NULL_CONVERSION = YES;
				CLANG_WARN_OBJC_IMPLICIT_RETAIN_SELF = YES;
				CLANG_WARN_OBJC_LITERAL_CONVERSION = YES;
				CLANG_WARN_OBJC_ROOT_CLASS = YES_ERROR;
				CLANG_WARN_QUOTED_INCLUDE_IN_FRAMEWORK_HEADER = YES;
				CLANG_WARN_RANGE_LOOP_ANALYSIS = YES;
				CLANG_WARN_STRICT_PROTOTYPES = YES;
				CLANG_WARN_SUSPICIOUS_MOVE = YES;
				CLANG_WARN_UNGUARDED_AVAILABILITY = YES_AGGRESSIVE;
				CLANG_WARN_UNREACHABLE_CODE = YES;
				CLANG_WARN__DUPLICATE_METHOD_MATCH = YES;
				COPY_PHASE_STRIP = NO;
				DEBUG_INFORMATION_FORMAT = dwarf;
				ENABLE_STRICT_OBJC_MSGSEND = YES;
				ENABLE_TESTABILITY = YES;
				ENABLE_USER_SCRIPT_SANDBOXING = YES;
				GCC_C_LANGUAGE_STANDARD = gnu17;
				GCC_DYNAMIC_NO_PIC = NO;
				GCC_NO_COMMON_BLOCKS = YES;
				GCC_OPTIMIZATION_LEVEL = 0;
				GCC_PREPROCESSOR_DEFINITIONS = (
					"DEBUG=1",
					"$(inherited)",
				);
				GCC_WARN_64_TO_32_BIT_CONVERSION = YES;
				GCC_WARN_ABOUT_RETURN_TYPE = YES_ERROR;
				GCC_WARN_UNDECLARED_SELECTOR = YES;
				GCC_WARN_UNINITIALIZED_AUTOS = YES_AGGRESSIVE;
				GCC_WARN_UNUSED_FUNCTION = YES;
				GCC_WARN_UNUSED_VARIABLE = YES;
				IPHONEOS_DEPLOYMENT_TARGET = 18.1;
				LOCALIZATION_PREFERS_STRING_CATALOGS = YES;
				MTL_ENABLE_DEBUG_INFO = INCLUDE_SOURCE;
				MTL_FAST_MATH = YES;
				ONLY_ACTIVE_ARCH = YES;
				SDKROOT = iphoneos;
				SWIFT_ACTIVE_COMPILATION_CONDITIONS = "DEBUG $(inherited)";
				SWIFT_OPTIMIZATION_LEVEL = "-Onone";
			};
			name = Debug;
		};
		3D94BC9E2CF5A5630041C998 /* Release */ = {
			isa = XCBuildConfiguration;
			buildSettings = {
				ALWAYS_SEARCH_USER_PATHS = NO;
				ASSETCATALOG_COMPILER_GENERATE_SWIFT_ASSET_SYMBOL_EXTENSIONS = YES;
				CLANG_ANALYZER_NONNULL = YES;
				CLANG_ANALYZER_NUMBER_OBJECT_CONVERSION = YES_AGGRESSIVE;
				CLANG_CXX_LANGUAGE_STANDARD = "gnu++20";
				CLANG_ENABLE_MODULES = YES;
				CLANG_ENABLE_OBJC_ARC = YES;
				CLANG_ENABLE_OBJC_WEAK = YES;
				CLANG_WARN_BLOCK_CAPTURE_AUTORELEASING = YES;
				CLANG_WARN_BOOL_CONVERSION = YES;
				CLANG_WARN_COMMA = YES;
				CLANG_WARN_CONSTANT_CONVERSION = YES;
				CLANG_WARN_DEPRECATED_OBJC_IMPLEMENTATIONS = YES;
				CLANG_WARN_DIRECT_OBJC_ISA_USAGE = YES_ERROR;
				CLANG_WARN_DOCUMENTATION_COMMENTS = YES;
				CLANG_WARN_EMPTY_BODY = YES;
				CLANG_WARN_ENUM_CONVERSION = YES;
				CLANG_WARN_INFINITE_RECURSION = YES;
				CLANG_WARN_INT_CONVERSION = YES;
				CLANG_WARN_NON_LITERAL_NULL_CONVERSION = YES;
				CLANG_WARN_OBJC_IMPLICIT_RETAIN_SELF = YES;
				CLANG_WARN_OBJC_LITERAL_CONVERSION = YES;
				CLANG_WARN_OBJC_ROOT_CLASS = YES_ERROR;
				CLANG_WARN_QUOTED_INCLUDE_IN_FRAMEWORK_HEADER = YES;
				CLANG_WARN_RANGE_LOOP_ANALYSIS = YES;
				CLANG_WARN_STRICT_PROTOTYPES = YES;
				CLANG_WARN_SUSPICIOUS_MOVE = YES;
				CLANG_WARN_UNGUARDED_AVAILABILITY = YES_AGGRESSIVE;
				CLANG_WARN_UNREACHABLE_CODE = YES;
				CLANG_WARN__DUPLICATE_METHOD_MATCH = YES;
				COPY_PHASE_STRIP = NO;
				DEBUG_INFORMATION_FORMAT = "dwarf-with-dsym";
				ENABLE_NS_ASSERTIONS = NO;
				ENABLE_STRICT_OBJC_MSGSEND = YES;
				ENABLE_USER_SCRIPT_SANDBOXING = YES;
				GCC_C_LANGUAGE_STANDARD = gnu17;
				GCC_NO_COMMON_BLOCKS = YES;
				GCC_WARN_64_TO_32_BIT_CONVERSION = YES;
				GCC_WARN_ABOUT_RETURN_TYPE = YES_ERROR;
				GCC_WARN_UNDECLARED_SELECTOR = YES;
				GCC_WARN_UNINITIALIZED_AUTOS = YES_AGGRESSIVE;
				GCC_WARN_UNUSED_FUNCTION = YES;
				GCC_WARN_UNUSED_VARIABLE = YES;
				IPHONEOS_DEPLOYMENT_TARGET = 18.1;
				LOCALIZATION_PREFERS_STRING_CATALOGS = YES;
				MTL_ENABLE_DEBUG_INFO = NO;
				MTL_FAST_MATH = YES;
				SDKROOT = iphoneos;
				SWIFT_COMPILATION_MODE = wholemodule;
				VALIDATE_PRODUCT = YES;
			};
			name = Release;
		};
		3D94BCA02CF5A5630041C998 /* Debug */ = {
			isa = XCBuildConfiguration;
			buildSettings = {
				ASSETCATALOG_COMPILER_APPICON_NAME = AppIcon;
				ASSETCATALOG_COMPILER_GLOBAL_ACCENT_COLOR_NAME = AccentColor;
				CODE_SIGN_STYLE = Automatic;
				CURRENT_PROJECT_VERSION = 1;
				DEVELOPMENT_ASSET_PATHS = "\"Zero Money Waste/Preview Content\"";
				DEVELOPMENT_TEAM = 4KA33F8XCU;
				ENABLE_PREVIEWS = YES;
				GENERATE_INFOPLIST_FILE = YES;
				INFOPLIST_KEY_UIApplicationSceneManifest_Generation = YES;
				INFOPLIST_KEY_UIApplicationSupportsIndirectInputEvents = YES;
				INFOPLIST_KEY_UILaunchScreen_Generation = YES;
				INFOPLIST_KEY_UISupportedInterfaceOrientations_iPad = "UIInterfaceOrientationPortrait UIInterfaceOrientationPortraitUpsideDown UIInterfaceOrientationLandscapeLeft UIInterfaceOrientationLandscapeRight";
				INFOPLIST_KEY_UISupportedInterfaceOrientations_iPhone = "UIInterfaceOrientationPortrait UIInterfaceOrientationLandscapeLeft UIInterfaceOrientationLandscapeRight";
				LD_RUNPATH_SEARCH_PATHS = (
					"$(inherited)",
					"@executable_path/Frameworks",
				);
				MARKETING_VERSION = 1.0;
				PRODUCT_BUNDLE_IDENTIFIER = "IT-Solutions-for-SMEs.Zero-Money-Waste";
				PRODUCT_NAME = "$(TARGET_NAME)";
				SWIFT_EMIT_LOC_STRINGS = YES;
				SWIFT_VERSION = 5.0;
				TARGETED_DEVICE_FAMILY = "1,2";
			};
			name = Debug;
		};
		3D94BCA12CF5A5630041C998 /* Release */ = {
			isa = XCBuildConfiguration;
			buildSettings = {
				ASSETCATALOG_COMPILER_APPICON_NAME = AppIcon;
				ASSETCATALOG_COMPILER_GLOBAL_ACCENT_COLOR_NAME = AccentColor;
				CODE_SIGN_STYLE = Automatic;
				CURRENT_PROJECT_VERSION = 1;
				DEVELOPMENT_ASSET_PATHS = "\"Zero Money Waste/Preview Content\"";
				DEVELOPMENT_TEAM = 4KA33F8XCU;
				ENABLE_PREVIEWS = YES;
				GENERATE_INFOPLIST_FILE = YES;
				INFOPLIST_KEY_UIApplicationSceneManifest_Generation = YES;
				INFOPLIST_KEY_UIApplicationSupportsIndirectInputEvents = YES;
				INFOPLIST_KEY_UILaunchScreen_Generation = YES;
				INFOPLIST_KEY_UISupportedInterfaceOrientations_iPad = "UIInterfaceOrientationPortrait UIInterfaceOrientationPortraitUpsideDown UIInterfaceOrientationLandscapeLeft UIInterfaceOrientationLandscapeRight";
				INFOPLIST_KEY_UISupportedInterfaceOrientations_iPhone = "UIInterfaceOrientationPortrait UIInterfaceOrientationLandscapeLeft UIInterfaceOrientationLandscapeRight";
				LD_RUNPATH_SEARCH_PATHS = (
					"$(inherited)",
					"@executable_path/Frameworks",
				);
				MARKETING_VERSION = 1.0;
				PRODUCT_BUNDLE_IDENTIFIER = "IT-Solutions-for-SMEs.Zero-Money-Waste";
				PRODUCT_NAME = "$(TARGET_NAME)";
				SWIFT_EMIT_LOC_STRINGS = YES;
				SWIFT_VERSION = 5.0;
				TARGETED_DEVICE_FAMILY = "1,2";
			};
			name = Release;
		};
		3D94BCA32CF5A5630041C998 /* Debug */ = {
			isa = XCBuildConfiguration;
			buildSettings = {
				BUNDLE_LOADER = "$(TEST_HOST)";
				CODE_SIGN_STYLE = Automatic;
				CURRENT_PROJECT_VERSION = 1;
				DEVELOPMENT_TEAM = 4KA33F8XCU;
				GENERATE_INFOPLIST_FILE = YES;
				IPHONEOS_DEPLOYMENT_TARGET = 18.1;
				MARKETING_VERSION = 1.0;
				PRODUCT_BUNDLE_IDENTIFIER = "IT-Solutions-for-SMEs.Zero-Money-WasteTests";
				PRODUCT_NAME = "$(TARGET_NAME)";
				SWIFT_EMIT_LOC_STRINGS = NO;
				SWIFT_VERSION = 5.0;
				TARGETED_DEVICE_FAMILY = "1,2";
				TEST_HOST = "$(BUILT_PRODUCTS_DIR)/Zero Money Waste.app/$(BUNDLE_EXECUTABLE_FOLDER_PATH)/Zero Money Waste";
			};
			name = Debug;
		};
		3D94BCA42CF5A5630041C998 /* Release */ = {
			isa = XCBuildConfiguration;
			buildSettings = {
				BUNDLE_LOADER = "$(TEST_HOST)";
				CODE_SIGN_STYLE = Automatic;
				CURRENT_PROJECT_VERSION = 1;
				DEVELOPMENT_TEAM = 4KA33F8XCU;
				GENERATE_INFOPLIST_FILE = YES;
				IPHONEOS_DEPLOYMENT_TARGET = 18.1;
				MARKETING_VERSION = 1.0;
				PRODUCT_BUNDLE_IDENTIFIER = "IT-Solutions-for-SMEs.Zero-Money-WasteTests";
				PRODUCT_NAME = "$(TARGET_NAME)";
				SWIFT_EMIT_LOC_STRINGS = NO;
				SWIFT_VERSION = 5.0;
				TARGETED_DEVICE_FAMILY = "1,2";
				TEST_HOST = "$(BUILT_PRODUCTS_DIR)/Zero Money Waste.app/$(BUNDLE_EXECUTABLE_FOLDER_PATH)/Zero Money Waste";
			};
			name = Release;
		};
		3D94BCA62CF5A5630041C998 /* Debug */ = {
			isa = XCBuildConfiguration;
			buildSettings = {
				CODE_SIGN_STYLE = Automatic;
				CURRENT_PROJECT_VERSION = 1;
				DEVELOPMENT_TEAM = 4KA33F8XCU;
				GENERATE_INFOPLIST_FILE = YES;
				MARKETING_VERSION = 1.0;
				PRODUCT_BUNDLE_IDENTIFIER = "IT-Solutions-for-SMEs.Zero-Money-WasteUITests";
				PRODUCT_NAME = "$(TARGET_NAME)";
				SWIFT_EMIT_LOC_STRINGS = NO;
				SWIFT_VERSION = 5.0;
				TARGETED_DEVICE_FAMILY = "1,2";
				TEST_TARGET_NAME = "Zero Money Waste";
			};
			name = Debug;
		};
		3D94BCA72CF5A5630041C998 /* Release */ = {
			isa = XCBuildConfiguration;
			buildSettings = {
				CODE_SIGN_STYLE = Automatic;
				CURRENT_PROJECT_VERSION = 1;
				DEVELOPMENT_TEAM = 4KA33F8XCU;
				GENERATE_INFOPLIST_FILE = YES;
				MARKETING_VERSION = 1.0;
				PRODUCT_BUNDLE_IDENTIFIER = "IT-Solutions-for-SMEs.Zero-Money-WasteUITests";
				PRODUCT_NAME = "$(TARGET_NAME)";
				SWIFT_EMIT_LOC_STRINGS = NO;
				SWIFT_VERSION = 5.0;
				TARGETED_DEVICE_FAMILY = "1,2";
				TEST_TARGET_NAME = "Zero Money Waste";
			};
			name = Release;
		};
/* End XCBuildConfiguration section */

/* Begin XCConfigurationList section */
		3D94BC762CF5A5620041C998 /* Build configuration list for PBXProject "Zero Money Waste" */ = {
			isa = XCConfigurationList;
			buildConfigurations = (
				3D94BC9D2CF5A5630041C998 /* Debug */,
				3D94BC9E2CF5A5630041C998 /* Release */,
			);
			defaultConfigurationIsVisible = 0;
			defaultConfigurationName = Release;
		};
		3D94BC9F2CF5A5630041C998 /* Build configuration list for PBXNativeTarget "Zero Money Waste" */ = {
			isa = XCConfigurationList;
			buildConfigurations = (
				3D94BCA02CF5A5630041C998 /* Debug */,
				3D94BCA12CF5A5630041C998 /* Release */,
			);
			defaultConfigurationIsVisible = 0;
			defaultConfigurationName = Release;
		};
		3D94BCA22CF5A5630041C998 /* Build configuration list for PBXNativeTarget "Zero Money WasteTests" */ = {
			isa = XCConfigurationList;
			buildConfigurations = (
				3D94BCA32CF5A5630041C998 /* Debug */,
				3D94BCA42CF5A5630041C998 /* Release */,
			);
			defaultConfigurationIsVisible = 0;
			defaultConfigurationName = Release;
		};
		3D94BCA52CF5A5630041C998 /* Build configuration list for PBXNativeTarget "Zero Money WasteUITests" */ = {
			isa = XCConfigurationList;
			buildConfigurations = (
				3D94BCA62CF5A5630041C998 /* Debug */,
				3D94BCA72CF5A5630041C998 /* Release */,
			);
			defaultConfigurationIsVisible = 0;
			defaultConfigurationName = Release;
		};
/* End XCConfigurationList section */
	};
	rootObject = 3D94BC732CF5A5620041C998 /* Project object */;
}
